
Microsoft Visual Studio Solution File, Format Version 12.00
# Visual Studio 14
VisualStudioVersion = 14.0.24720.0
MinimumVisualStudioVersion = 10.0.40219.1
Project("{FAE04EC0-301F-11D3-BF4B-00C04F79EFBC}") = "HaloApp", "HaloApp\HaloApp.csproj", "{AC0A501C-1AD6-4931-91B5-394B7AD138DA}"
EndProject
Project("{FAE04EC0-301F-11D3-BF4B-00C04F79EFBC}") = "HaloApp.Domain", "HaloApp.Domain\HaloApp.Domain.csproj", "{2F7AE9CB-B752-45DB-8174-3BB8581415D9}"
EndProject
Project("{FAE04EC0-301F-11D3-BF4B-00C04F79EFBC}") = "HaloApp.ApiClient", "HaloApp.ApiClient\HaloApp.ApiClient.csproj", "{14E1D733-A902-48DF-9DE5-4A204D47EA5C}"
EndProject
Project("{FAE04EC0-301F-11D3-BF4B-00C04F79EFBC}") = "HaloApp.Tests", "HaloApp.Tests\HaloApp.Tests.csproj", "{1CDC9307-2DEE-43FD-BF21-EA3EFDB38E7D}"
EndProject
Project("{FAE04EC0-301F-11D3-BF4B-00C04F79EFBC}") = "HaloApp.Data", "HaloApp.Data\HaloApp.Data.csproj", "{817B5F5D-6CDE-4B77-86ED-879EE46E1852}"
EndProject
Global
	GlobalSection(SolutionConfigurationPlatforms) = preSolution
		Debug|Any CPU = Debug|Any CPU
		Release|Any CPU = Release|Any CPU
	EndGlobalSection
	GlobalSection(ProjectConfigurationPlatforms) = postSolution
		{AC0A501C-1AD6-4931-91B5-394B7AD138DA}.Debug|Any CPU.ActiveCfg = Debug|Any CPU
		{AC0A501C-1AD6-4931-91B5-394B7AD138DA}.Debug|Any CPU.Build.0 = Debug|Any CPU
		{AC0A501C-1AD6-4931-91B5-394B7AD138DA}.Release|Any CPU.ActiveCfg = Release|Any CPU
		{AC0A501C-1AD6-4931-91B5-394B7AD138DA}.Release|Any CPU.Build.0 = Release|Any CPU
		{2F7AE9CB-B752-45DB-8174-3BB8581415D9}.Debug|Any CPU.ActiveCfg = Debug|Any CPU
		{2F7AE9CB-B752-45DB-8174-3BB8581415D9}.Debug|Any CPU.Build.0 = Debug|Any CPU
		{2F7AE9CB-B752-45DB-8174-3BB8581415D9}.Release|Any CPU.ActiveCfg = Release|Any CPU
		{2F7AE9CB-B752-45DB-8174-3BB8581415D9}.Release|Any CPU.Build.0 = Release|Any CPU
		{14E1D733-A902-48DF-9DE5-4A204D47EA5C}.Debug|Any CPU.ActiveCfg = Debug|Any CPU
		{14E1D733-A902-48DF-9DE5-4A204D47EA5C}.Debug|Any CPU.Build.0 = Debug|Any CPU
		{14E1D733-A902-48DF-9DE5-4A204D47EA5C}.Release|Any CPU.ActiveCfg = Release|Any CPU
		{14E1D733-A902-48DF-9DE5-4A204D47EA5C}.Release|Any CPU.Build.0 = Release|Any CPU
		{1CDC9307-2DEE-43FD-BF21-EA3EFDB38E7D}.Debug|Any CPU.ActiveCfg = Debug|Any CPU
		{1CDC9307-2DEE-43FD-BF21-EA3EFDB38E7D}.Debug|Any CPU.Build.0 = Debug|Any CPU
		{1CDC9307-2DEE-43FD-BF21-EA3EFDB38E7D}.Release|Any CPU.ActiveCfg = Release|Any CPU
		{1CDC9307-2DEE-43FD-BF21-EA3EFDB38E7D}.Release|Any CPU.Build.0 = Release|Any CPU
		{817B5F5D-6CDE-4B77-86ED-879EE46E1852}.Debug|Any CPU.ActiveCfg = Debug|Any CPU
		{817B5F5D-6CDE-4B77-86ED-879EE46E1852}.Debug|Any CPU.Build.0 = Debug|Any CPU
		{817B5F5D-6CDE-4B77-86ED-879EE46E1852}.Release|Any CPU.ActiveCfg = Release|Any CPU
		{817B5F5D-6CDE-4B77-86ED-879EE46E1852}.Release|Any CPU.Build.0 = Release|Any CPU
	EndGlobalSection
	GlobalSection(SolutionProperties) = preSolution
		HideSolutionNode = FALSE
	EndGlobalSection
EndGlobal
